// !$*UTF8*$!
{
	archiveVersion = 1;
	classes = {
	};
	objectVersion = 46;
	objects = {

/* Begin PBXBuildFile section */
		B0CFC3A21AB8AEB8003AC8BB /* AppDelegate.swift in Sources */ = {isa = PBXBuildFile; fileRef = B0CFC3A11AB8AEB8003AC8BB /* AppDelegate.swift */; };
		B0CFC3A41AB8AEB8003AC8BB /* ViewController.swift in Sources */ = {isa = PBXBuildFile; fileRef = B0CFC3A31AB8AEB8003AC8BB /* ViewController.swift */; };
		B0CFC3A71AB8AEB8003AC8BB /* Main.storyboard in Resources */ = {isa = PBXBuildFile; fileRef = B0CFC3A51AB8AEB8003AC8BB /* Main.storyboard */; };
		B0CFC3A91AB8AEB8003AC8BB /* Images.xcassets in Resources */ = {isa = PBXBuildFile; fileRef = B0CFC3A81AB8AEB8003AC8BB /* Images.xcassets */; };
		B0CFC3AC1AB8AEB8003AC8BB /* LaunchScreen.xib in Resources */ = {isa = PBXBuildFile; fileRef = B0CFC3AA1AB8AEB8003AC8BB /* LaunchScreen.xib */; };
		B0CFC3B81AB8AEB8003AC8BB /* SPOTextfieldsTests.swift in Sources */ = {isa = PBXBuildFile; fileRef = B0CFC3B71AB8AEB8003AC8BB /* SPOTextfieldsTests.swift */; };
		B0CFC3C61AB8B0A2003AC8BB /* ColorizerTextFieldDelegate.swift in Sources */ = {isa = PBXBuildFile; fileRef = B0CFC3C11AB8B0A2003AC8BB /* ColorizerTextFieldDelegate.swift */; };
		B0CFC3C71AB8B0A2003AC8BB /* DollarTextFieldDelegate.swift in Sources */ = {isa = PBXBuildFile; fileRef = B0CFC3C21AB8B0A2003AC8BB /* DollarTextFieldDelegate.swift */; };
		B0CFC3C81AB8B0A2003AC8BB /* EmojiTextFieldDelegate.swift in Sources */ = {isa = PBXBuildFile; fileRef = B0CFC3C31AB8B0A2003AC8BB /* EmojiTextFieldDelegate.swift */; };
		B0CFC3C91AB8B0A2003AC8BB /* RandomColorTextFieldDelegate.swift in Sources */ = {isa = PBXBuildFile; fileRef = B0CFC3C41AB8B0A2003AC8BB /* RandomColorTextFieldDelegate.swift */; };
		B0CFC3CA1AB8B0A2003AC8BB /* ZipCodeDelegate.swift in Sources */ = {isa = PBXBuildFile; fileRef = B0CFC3C51AB8B0A2003AC8BB /* ZipCodeDelegate.swift */; };
/* End PBXBuildFile section */

/* Begin PBXContainerItemProxy section */
		B0CFC3B21AB8AEB8003AC8BB /* PBXContainerItemProxy */ = {
			isa = PBXContainerItemProxy;
			containerPortal = B0CFC3941AB8AEB7003AC8BB /* Project object */;
			proxyType = 1;
			remoteGlobalIDString = B0CFC39B1AB8AEB8003AC8BB;
			remoteInfo = SPOTextfields;
		};
/* End PBXContainerItemProxy section */

/* Begin PBXFileReference section */
		B0CFC39C1AB8AEB8003AC8BB /* SPOTextfields.app */ = {isa = PBXFileReference; explicitFileType = wrapper.application; includeInIndex = 0; path = SPOTextfields.app; sourceTree = BUILT_PRODUCTS_DIR; };
		B0CFC3A01AB8AEB8003AC8BB /* Info.plist */ = {isa = PBXFileReference; lastKnownFileType = text.plist.xml; path = Info.plist; sourceTree = "<group>"; };
		B0CFC3A11AB8AEB8003AC8BB /* AppDelegate.swift */ = {isa = PBXFileReference; lastKnownFileType = sourcecode.swift; path = AppDelegate.swift; sourceTree = "<group>"; };
		B0CFC3A31AB8AEB8003AC8BB /* ViewController.swift */ = {isa = PBXFileReference; lastKnownFileType = sourcecode.swift; path = ViewController.swift; sourceTree = "<group>"; };
		B0CFC3A61AB8AEB8003AC8BB /* Base */ = {isa = PBXFileReference; lastKnownFileType = file.storyboard; name = Base; path = Base.lproj/Main.storyboard; sourceTree = "<group>"; };
		B0CFC3A81AB8AEB8003AC8BB /* Images.xcassets */ = {isa = PBXFileReference; lastKnownFileType = folder.assetcatalog; path = Images.xcassets; sourceTree = "<group>"; };
		B0CFC3AB1AB8AEB8003AC8BB /* Base */ = {isa = PBXFileReference; lastKnownFileType = file.xib; name = Base; path = Base.lproj/LaunchScreen.xib; sourceTree = "<group>"; };
		B0CFC3B11AB8AEB8003AC8BB /* SPOTextfieldsTests.xctest */ = {isa = PBXFileReference; explicitFileType = wrapper.cfbundle; includeInIndex = 0; path = SPOTextfieldsTests.xctest; sourceTree = BUILT_PRODUCTS_DIR; };
		B0CFC3B61AB8AEB8003AC8BB /* Info.plist */ = {isa = PBXFileReference; lastKnownFileType = text.plist.xml; path = Info.plist; sourceTree = "<group>"; };
		B0CFC3B71AB8AEB8003AC8BB /* SPOTextfieldsTests.swift */ = {isa = PBXFileReference; lastKnownFileType = sourcecode.swift; path = SPOTextfieldsTests.swift; sourceTree = "<group>"; };
		B0CFC3C11AB8B0A2003AC8BB /* ColorizerTextFieldDelegate.swift */ = {isa = PBXFileReference; fileEncoding = 4; lastKnownFileType = sourcecode.swift; path = ColorizerTextFieldDelegate.swift; sourceTree = "<group>"; };
		B0CFC3C21AB8B0A2003AC8BB /* DollarTextFieldDelegate.swift */ = {isa = PBXFileReference; fileEncoding = 4; lastKnownFileType = sourcecode.swift; path = DollarTextFieldDelegate.swift; sourceTree = "<group>"; };
		B0CFC3C31AB8B0A2003AC8BB /* EmojiTextFieldDelegate.swift */ = {isa = PBXFileReference; fileEncoding = 4; lastKnownFileType = sourcecode.swift; path = EmojiTextFieldDelegate.swift; sourceTree = "<group>"; };
		B0CFC3C41AB8B0A2003AC8BB /* RandomColorTextFieldDelegate.swift */ = {isa = PBXFileReference; fileEncoding = 4; lastKnownFileType = sourcecode.swift; path = RandomColorTextFieldDelegate.swift; sourceTree = "<group>"; };
		B0CFC3C51AB8B0A2003AC8BB /* ZipCodeDelegate.swift */ = {isa = PBXFileReference; fileEncoding = 4; lastKnownFileType = sourcecode.swift; path = ZipCodeDelegate.swift; sourceTree = "<group>"; };
/* End PBXFileReference section */

/* Begin PBXFrameworksBuildPhase section */
		B0CFC3991AB8AEB8003AC8BB /* Frameworks */ = {
			isa = PBXFrameworksBuildPhase;
			buildActionMask = 2147483647;
			files = (
			);
			runOnlyForDeploymentPostprocessing = 0;
		};
		B0CFC3AE1AB8AEB8003AC8BB /* Frameworks */ = {
			isa = PBXFrameworksBuildPhase;
			buildActionMask = 2147483647;
			files = (
			);
			runOnlyForDeploymentPostprocessing = 0;
		};
/* End PBXFrameworksBuildPhase section */

/* Begin PBXGroup section */
		B0CFC3931AB8AEB7003AC8BB = {
			isa = PBXGroup;
			children = (
				B0CFC39E1AB8AEB8003AC8BB /* SPOTextfields */,
				B0CFC3B41AB8AEB8003AC8BB /* SPOTextfieldsTests */,
				B0CFC39D1AB8AEB8003AC8BB /* Products */,
			);
			sourceTree = "<group>";
		};
		B0CFC39D1AB8AEB8003AC8BB /* Products */ = {
			isa = PBXGroup;
			children = (
				B0CFC39C1AB8AEB8003AC8BB /* SPOTextfields.app */,
				B0CFC3B11AB8AEB8003AC8BB /* SPOTextfieldsTests.xctest */,
			);
			name = Products;
			sourceTree = "<group>";
		};
		B0CFC39E1AB8AEB8003AC8BB /* SPOTextfields */ = {
			isa = PBXGroup;
			children = (
				B0CFC3A11AB8AEB8003AC8BB /* AppDelegate.swift */,
				B0CFC3A31AB8AEB8003AC8BB /* ViewController.swift */,
				B0CFC3A51AB8AEB8003AC8BB /* Main.storyboard */,
				B0CFC3A81AB8AEB8003AC8BB /* Images.xcassets */,
				B0CFC3AA1AB8AEB8003AC8BB /* LaunchScreen.xib */,
				B0CFC3C11AB8B0A2003AC8BB /* ColorizerTextFieldDelegate.swift */,
				B0CFC3C21AB8B0A2003AC8BB /* DollarTextFieldDelegate.swift */,
				B0CFC3C31AB8B0A2003AC8BB /* EmojiTextFieldDelegate.swift */,
				B0CFC3C41AB8B0A2003AC8BB /* RandomColorTextFieldDelegate.swift */,
				B0CFC3C51AB8B0A2003AC8BB /* ZipCodeDelegate.swift */,
				B0CFC39F1AB8AEB8003AC8BB /* Supporting Files */,
			);
			path = SPOTextfields;
			sourceTree = "<group>";
		};
		B0CFC39F1AB8AEB8003AC8BB /* Supporting Files */ = {
			isa = PBXGroup;
			children = (
				B0CFC3A01AB8AEB8003AC8BB /* Info.plist */,
			);
			name = "Supporting Files";
			sourceTree = "<group>";
		};
		B0CFC3B41AB8AEB8003AC8BB /* SPOTextfieldsTests */ = {
			isa = PBXGroup;
			children = (
				B0CFC3B71AB8AEB8003AC8BB /* SPOTextfieldsTests.swift */,
				B0CFC3B51AB8AEB8003AC8BB /* Supporting Files */,
			);
			path = SPOTextfieldsTests;
			sourceTree = "<group>";
		};
		B0CFC3B51AB8AEB8003AC8BB /* Supporting Files */ = {
			isa = PBXGroup;
			children = (
				B0CFC3B61AB8AEB8003AC8BB /* Info.plist */,
			);
			name = "Supporting Files";
			sourceTree = "<group>";
		};
/* End PBXGroup section */

/* Begin PBXNativeTarget section */
		B0CFC39B1AB8AEB8003AC8BB /* SPOTextfields */ = {
			isa = PBXNativeTarget;
			buildConfigurationList = B0CFC3BB1AB8AEB8003AC8BB /* Build configuration list for PBXNativeTarget "SPOTextfields" */;
			buildPhases = (
				B0CFC3981AB8AEB8003AC8BB /* Sources */,
				B0CFC3991AB8AEB8003AC8BB /* Frameworks */,
				B0CFC39A1AB8AEB8003AC8BB /* Resources */,
			);
			buildRules = (
			);
			dependencies = (
			);
			name = SPOTextfields;
			productName = SPOTextfields;
			productReference = B0CFC39C1AB8AEB8003AC8BB /* SPOTextfields.app */;
			productType = "com.apple.product-type.application";
		};
		B0CFC3B01AB8AEB8003AC8BB /* SPOTextfieldsTests */ = {
			isa = PBXNativeTarget;
			buildConfigurationList = B0CFC3BE1AB8AEB8003AC8BB /* Build configuration list for PBXNativeTarget "SPOTextfieldsTests" */;
			buildPhases = (
				B0CFC3AD1AB8AEB8003AC8BB /* Sources */,
				B0CFC3AE1AB8AEB8003AC8BB /* Frameworks */,
				B0CFC3AF1AB8AEB8003AC8BB /* Resources */,
			);
			buildRules = (
			);
			dependencies = (
				B0CFC3B31AB8AEB8003AC8BB /* PBXTargetDependency */,
			);
			name = SPOTextfieldsTests;
			productName = SPOTextfieldsTests;
			productReference = B0CFC3B11AB8AEB8003AC8BB /* SPOTextfieldsTests.xctest */;
			productType = "com.apple.product-type.bundle.unit-test";
		};
/* End PBXNativeTarget section */

/* Begin PBXProject section */
		B0CFC3941AB8AEB7003AC8BB /* Project object */ = {
			isa = PBXProject;
			attributes = {
				LastUpgradeCheck = 0620;
				ORGANIZATIONNAME = "Steven O'Toole";
				TargetAttributes = {
					B0CFC39B1AB8AEB8003AC8BB = {
						CreatedOnToolsVersion = 6.2;
					};
					B0CFC3B01AB8AEB8003AC8BB = {
						CreatedOnToolsVersion = 6.2;
						TestTargetID = B0CFC39B1AB8AEB8003AC8BB;
					};
				};
			};
			buildConfigurationList = B0CFC3971AB8AEB7003AC8BB /* Build configuration list for PBXProject "SPOTextfields" */;
			compatibilityVersion = "Xcode 3.2";
			developmentRegion = English;
			hasScannedForEncodings = 0;
			knownRegions = (
				en,
				Base,
			);
			mainGroup = B0CFC3931AB8AEB7003AC8BB;
			productRefGroup = B0CFC39D1AB8AEB8003AC8BB /* Products */;
			projectDirPath = "";
			projectRoot = "";
			targets = (
				B0CFC39B1AB8AEB8003AC8BB /* SPOTextfields */,
				B0CFC3B01AB8AEB8003AC8BB /* SPOTextfieldsTests */,
			);
		};
/* End PBXProject section */

/* Begin PBXResourcesBuildPhase section */
		B0CFC39A1AB8AEB8003AC8BB /* Resources */ = {
			isa = PBXResourcesBuildPhase;
			buildActionMask = 2147483647;
			files = (
				B0CFC3A71AB8AEB8003AC8BB /* Main.storyboard in Resources */,
				B0CFC3AC1AB8AEB8003AC8BB /* LaunchScreen.xib in Resources */,
				B0CFC3A91AB8AEB8003AC8BB /* Images.xcassets in Resources */,
			);
			runOnlyForDeploymentPostprocessing = 0;
		};
		B0CFC3AF1AB8AEB8003AC8BB /* Resources */ = {
			isa = PBXResourcesBuildPhase;
			buildActionMask = 2147483647;
			files = (
			);
			runOnlyForDeploymentPostprocessing = 0;
		};
/* End PBXResourcesBuildPhase section */

/* Begin PBXSourcesBuildPhase section */
		B0CFC3981AB8AEB8003AC8BB /* Sources */ = {
			isa = PBXSourcesBuildPhase;
			buildActionMask = 2147483647;
			files = (
				B0CFC3A41AB8AEB8003AC8BB /* ViewController.swift in Sources */,
				B0CFC3CA1AB8B0A2003AC8BB /* ZipCodeDelegate.swift in Sources */,
				B0CFC3C81AB8B0A2003AC8BB /* EmojiTextFieldDelegate.swift in Sources */,
				B0CFC3C61AB8B0A2003AC8BB /* ColorizerTextFieldDelegate.swift in Sources */,
				B0CFC3C71AB8B0A2003AC8BB /* DollarTextFieldDelegate.swift in Sources */,
				B0CFC3A21AB8AEB8003AC8BB /* AppDelegate.swift in Sources */,
				B0CFC3C91AB8B0A2003AC8BB /* RandomColorTextFieldDelegate.swift in Sources */,
			);
			runOnlyForDeploymentPostprocessing = 0;
		};
		B0CFC3AD1AB8AEB8003AC8BB /* Sources */ = {
			isa = PBXSourcesBuildPhase;
			buildActionMask = 2147483647;
			files = (
				B0CFC3B81AB8AEB8003AC8BB /* SPOTextfieldsTests.swift in Sources */,
			);
			runOnlyForDeploymentPostprocessing = 0;
		};
/* End PBXSourcesBuildPhase section */

/* Begin PBXTargetDependency section */
		B0CFC3B31AB8AEB8003AC8BB /* PBXTargetDependency */ = {
			isa = PBXTargetDependency;
			target = B0CFC39B1AB8AEB8003AC8BB /* SPOTextfields */;
			targetProxy = B0CFC3B21AB8AEB8003AC8BB /* PBXContainerItemProxy */;
		};
/* End PBXTargetDependency section */

/* Begin PBXVariantGroup section */
		B0CFC3A51AB8AEB8003AC8BB /* Main.storyboard */ = {
			isa = PBXVariantGroup;
			children = (
				B0CFC3A61AB8AEB8003AC8BB /* Base */,
			);
			name = Main.storyboard;
			sourceTree = "<group>";
		};
		B0CFC3AA1AB8AEB8003AC8BB /* LaunchScreen.xib */ = {
			isa = PBXVariantGroup;
			children = (
				B0CFC3AB1AB8AEB8003AC8BB /* Base */,
			);
			name = LaunchScreen.xib;
			sourceTree = "<group>";
		};
/* End PBXVariantGroup section */

/* Begin XCBuildConfiguration section */
		B0CFC3B91AB8AEB8003AC8BB /* Debug */ = {
			isa = XCBuildConfiguration;
			buildSettings = {
				ALWAYS_SEARCH_USER_PATHS = NO;
				CLANG_CXX_LANGUAGE_STANDARD = "gnu++0x";
				CLANG_CXX_LIBRARY = "libc++";
				CLANG_ENABLE_MODULES = YES;
				CLANG_ENABLE_OBJC_ARC = YES;
				CLANG_WARN_BOOL_CONVERSION = YES;
				CLANG_WARN_CONSTANT_CONVERSION = YES;
				CLANG_WARN_DIRECT_OBJC_ISA_USAGE = YES_ERROR;
				CLANG_WARN_EMPTY_BODY = YES;
				CLANG_WARN_ENUM_CONVERSION = YES;
				CLANG_WARN_INT_CONVERSION = YES;
				CLANG_WARN_OBJC_ROOT_CLASS = YES_ERROR;
				CLANG_WARN_UNREACHABLE_CODE = YES;
				CLANG_WARN__DUPLICATE_METHOD_MATCH = YES;
				"CODE_SIGN_IDENTITY[sdk=iphoneos*]" = "iPhone Developer";
				COPY_PHASE_STRIP = NO;
				ENABLE_STRICT_OBJC_MSGSEND = YES;
				GCC_C_LANGUAGE_STANDARD = gnu99;
				GCC_DYNAMIC_NO_PIC = NO;
				GCC_OPTIMIZATION_LEVEL = 0;
				GCC_PREPROCESSOR_DEFINITIONS = (
					"DEBUG=1",
					"$(inherited)",
				);
				GCC_SYMBOLS_PRIVATE_EXTERN = NO;
				GCC_WARN_64_TO_32_BIT_CONVERSION = YES;
				GCC_WARN_ABOUT_RETURN_TYPE = YES_ERROR;
				GCC_WARN_UNDECLARED_SELECTOR = YES;
				GCC_WARN_UNINITIALIZED_AUTOS = YES_AGGRESSIVE;
				GCC_WARN_UNUSED_FUNCTION = YES;
				GCC_WARN_UNUSED_VARIABLE = YES;
				IPHONEOS_DEPLOYMENT_TARGET = 8.2;
				MTL_ENABLE_DEBUG_INFO = YES;
				ONLY_ACTIVE_ARCH = YES;
				SDKROOT = iphoneos;
				SWIFT_OPTIMIZATION_LEVEL = "-Onone";
				TARGETED_DEVICE_FAMILY = "1,2";
			};
			name = Debug;
		};
		B0CFC3BA1AB8AEB8003AC8BB /* Release */ = {
			isa = XCBuildConfiguration;
			buildSettings = {
				ALWAYS_SEARCH_USER_PATHS = NO;
				CLANG_CXX_LANGUAGE_STANDARD = "gnu++0x";
				CLANG_CXX_LIBRARY = "libc++";
				CLANG_ENABLE_MODULES = YES;
				CLANG_ENABLE_OBJC_ARC = YES;
				CLANG_WARN_BOOL_CONVERSION = YES;
				CLANG_WARN_CONSTANT_CONVERSION = YES;
				CLANG_WARN_DIRECT_OBJC_ISA_USAGE = YES_ERROR;
				CLANG_WARN_EMPTY_BODY = YES;
				CLANG_WARN_ENUM_CONVERSION = YES;
				CLANG_WARN_INT_CONVERSION = YES;
				CLANG_WARN_OBJC_ROOT_CLASS = YES_ERROR;
				CLANG_WARN_UNREACHABLE_CODE = YES;
				CLANG_WARN__DUPLICATE_METHOD_MATCH = YES;
				"CODE_SIGN_IDENTITY[sdk=iphoneos*]" = "iPhone Developer";
				COPY_PHASE_STRIP = NO;
				ENABLE_NS_ASSERTIONS = NO;
				ENABLE_STRICT_OBJC_MSGSEND = YES;
				GCC_C_LANGUAGE_STANDARD = gnu99;
				GCC_WARN_64_TO_32_BIT_CONVERSION = YES;
				GCC_WARN_ABOUT_RETURN_TYPE = YES_ERROR;
				GCC_WARN_UNDECLARED_SELECTOR = YES;
				GCC_WARN_UNINITIALIZED_AUTOS = YES_AGGRESSIVE;
				GCC_WARN_UNUSED_FUNCTION = YES;
				GCC_WARN_UNUSED_VARIABLE = YES;
				IPHONEOS_DEPLOYMENT_TARGET = 8.2;
				MTL_ENABLE_DEBUG_INFO = NO;
				SDKROOT = iphoneos;
				TARGETED_DEVICE_FAMILY = "1,2";
				VALIDATE_PRODUCT = YES;
			};
			name = Release;
		};
		B0CFC3BC1AB8AEB8003AC8BB /* Debug */ = {
			isa = XCBuildConfiguration;
			buildSettings = {
				ASSETCATALOG_COMPILER_APPICON_NAME = AppIcon;
				INFOPLIST_FILE = SPOTextfields/Info.plist;
				LD_RUNPATH_SEARCH_PATHS = "$(inherited) @executable_path/Frameworks";
				PRODUCT_NAME = "$(TARGET_NAME)";
			};
			name = Debug;
		};
		B0CFC3BD1AB8AEB8003AC8BB /* Release */ = {
			isa = XCBuildConfiguration;
			buildSettings = {
				ASSETCATALOG_COMPILER_APPICON_NAME = AppIcon;
				INFOPLIST_FILE = SPOTextfields/Info.plist;
				LD_RUNPATH_SEARCH_PATHS = "$(inherited) @executable_path/Frameworks";
				PRODUCT_NAME = "$(TARGET_NAME)";
			};
			name = Release;
		};
		B0CFC3BF1AB8AEB8003AC8BB /* Debug */ = {
			isa = XCBuildConfiguration;
			buildSettings = {
				BUNDLE_LOADER = "$(TEST_HOST)";
				FRAMEWORK_SEARCH_PATHS = (
					"$(SDKROOT)/Developer/Library/Frameworks",
					"$(inherited)",
				);
				GCC_PREPROCESSOR_DEFINITIONS = (
					"DEBUG=1",
					"$(inherited)",
				);
				INFOPLIST_FILE = SPOTextfieldsTests/Info.plist;
				LD_RUNPATH_SEARCH_PATHS = "$(inherited) @executable_path/Frameworks @loader_path/Frameworks";
				PRODUCT_NAME = "$(TARGET_NAME)";
				TEST_HOST = "$(BUILT_PRODUCTS_DIR)/SPOTextfields.app/SPOTextfields";
			};
			name = Debug;
		};
		B0CFC3C01AB8AEB8003AC8BB /* Release */ = {
			isa = XCBuildConfiguration;
			buildSettings = {
				BUNDLE_LOADER = "$(TEST_HOST)";
				FRAMEWORK_SEARCH_PATHS = (
					"$(SDKROOT)/Developer/Library/Frameworks",
					"$(inherited)",
				);
				INFOPLIST_FILE = SPOTextfieldsTests/Info.plist;
				LD_RUNPATH_SEARCH_PATHS = "$(inherited) @executable_path/Frameworks @loader_path/Frameworks";
				PRODUCT_NAME = "$(TARGET_NAME)";
				TEST_HOST = "$(BUILT_PRODUCTS_DIR)/SPOTextfields.app/SPOTextfields";
			};
			name = Release;
		};
/* End XCBuildConfiguration section */

/* Begin XCConfigurationList section */
		B0CFC3971AB8AEB7003AC8BB /* Build configuration list for PBXProject "SPOTextfields" */ = {
			isa = XCConfigurationList;
			buildConfigurations = (
				B0CFC3B91AB8AEB8003AC8BB /* Debug */,
				B0CFC3BA1AB8AEB8003AC8BB /* Release */,
			);
			defaultConfigurationIsVisible = 0;
			defaultConfigurationName = Release;
		};
		B0CFC3BB1AB8AEB8003AC8BB /* Build configuration list for PBXNativeTarget "SPOTextfields" */ = {
			isa = XCConfigurationList;
			buildConfigurations = (
				B0CFC3BC1AB8AEB8003AC8BB /* Debug */,
				B0CFC3BD1AB8AEB8003AC8BB /* Release */,
			);
			defaultConfigurationIsVisible = 0;
		};
		B0CFC3BE1AB8AEB8003AC8BB /* Build configuration list for PBXNativeTarget "SPOTextfieldsTests" */ = {
			isa = XCConfigurationList;
			buildConfigurations = (
				B0CFC3BF1AB8AEB8003AC8BB /* Debug */,
				B0CFC3C01AB8AEB8003AC8BB /* Release */,
			);
			defaultConfigurationIsVisible = 0;
		};
/* End XCConfigurationList section */
	};
	rootObject = B0CFC3941AB8AEB7003AC8BB /* Project object */;
}
